
Microsoft Visual Studio Solution File, Format Version 12.00
# Visual Studio Version 17
VisualStudioVersion = 17.8.34309.116
MinimumVisualStudioVersion = 10.0.40219.1
Project("{9A19103F-16F7-4668-BE54-9A1E7A4F7556}") = "MVC", "MVC.csproj", "{B5056A0D-F512-4948-B103-3297121CC80A}"
EndProject
Project("{9A19103F-16F7-4668-BE54-9A1E7A4F7556}") = "MVC.DataAccess", "MVC_DataAccess\MVC.DataAccess.csproj", "{39DCAD85-EBE9-4DDE-B417-C8D6A7A4E1E2}"
EndProject
Project("{9A19103F-16F7-4668-BE54-9A1E7A4F7556}") = "MVC.Models", "MVC_Models\MVC.Models.csproj", "{ED4599A3-D516-46CB-A8E5-706E2DEE817D}"
EndProject
Global
	GlobalSection(SolutionConfigurationPlatforms) = preSolution
		Debug|Any CPU = Debug|Any CPU
		Release|Any CPU = Release|Any CPU
	EndGlobalSection
	GlobalSection(ProjectConfigurationPlatforms) = postSolution
		{B5056A0D-F512-4948-B103-3297121CC80A}.Debug|Any CPU.ActiveCfg = Debug|Any CPU
		{B5056A0D-F512-4948-B103-3297121CC80A}.Debug|Any CPU.Build.0 = Debug|Any CPU
		{B5056A0D-F512-4948-B103-3297121CC80A}.Release|Any CPU.ActiveCfg = Release|Any CPU
		{B5056A0D-F512-4948-B103-3297121CC80A}.Release|Any CPU.Build.0 = Release|Any CPU
		{39DCAD85-EBE9-4DDE-B417-C8D6A7A4E1E2}.Debug|Any CPU.ActiveCfg = Debug|Any CPU
		{39DCAD85-EBE9-4DDE-B417-C8D6A7A4E1E2}.Debug|Any CPU.Build.0 = Debug|Any CPU
		{39DCAD85-EBE9-4DDE-B417-C8D6A7A4E1E2}.Release|Any CPU.ActiveCfg = Release|Any CPU
		{39DCAD85-EBE9-4DDE-B417-C8D6A7A4E1E2}.Release|Any CPU.Build.0 = Release|Any CPU
		{ED4599A3-D516-46CB-A8E5-706E2DEE817D}.Debug|Any CPU.ActiveCfg = Debug|Any CPU
		{ED4599A3-D516-46CB-A8E5-706E2DEE817D}.Debug|Any CPU.Build.0 = Debug|Any CPU
		{ED4599A3-D516-46CB-A8E5-706E2DEE817D}.Release|Any CPU.ActiveCfg = Release|Any CPU
		{ED4599A3-D516-46CB-A8E5-706E2DEE817D}.Release|Any CPU.Build.0 = Release|Any CPU
	EndGlobalSection
	GlobalSection(SolutionProperties) = preSolution
		HideSolutionNode = FALSE
	EndGlobalSection
	GlobalSection(ExtensibilityGlobals) = postSolution
		SolutionGuid = {83CFD6B2-C1E2-4893-87C3-2A21D5ADA82D}
	EndGlobalSection
EndGlobal
